
Microsoft Visual Studio Solution File, Format Version 12.00
# Visual Studio Version 17
VisualStudioVersion = 17.1.32328.378
MinimumVisualStudioVersion = 10.0.40219.1
Project("{9A19103F-16F7-4668-BE54-9A1E7A4F7556}") = "EmployeeDBMS", "EmployeeDBMS\EmployeeDBMS.csproj", "{EACC1C7A-827C-4497-BAA1-A09F796364CC}"
EndProject
Global
	GlobalSection(SolutionConfigurationPlatforms) = preSolution
		Debug|Any CPU = Debug|Any CPU
		Release|Any CPU = Release|Any CPU
	EndGlobalSection
	GlobalSection(ProjectConfigurationPlatforms) = postSolution
		{EACC1C7A-827C-4497-BAA1-A09F796364CC}.Debug|Any CPU.ActiveCfg = Debug|Any CPU
		{EACC1C7A-827C-4497-BAA1-A09F796364CC}.Debug|Any CPU.Build.0 = Debug|Any CPU
		{EACC1C7A-827C-4497-BAA1-A09F796364CC}.Release|Any CPU.ActiveCfg = Release|Any CPU
		{EACC1C7A-827C-4497-BAA1-A09F796364CC}.Release|Any CPU.Build.0 = Release|Any CPU
	EndGlobalSection
	GlobalSection(SolutionProperties) = preSolution
		HideSolutionNode = FALSE
	EndGlobalSection
	GlobalSection(ExtensibilityGlobals) = postSolution
		SolutionGuid = {FCA952A3-0555-497B-ACDF-35F5DBE8AD88}
	EndGlobalSection
EndGlobal
